
Microsoft Visual Studio Solution File, Format Version 12.00
# Visual Studio Version 16
VisualStudioVersion = 16.0.29613.14
MinimumVisualStudioVersion = 10.0.40219.1
Project("{9A19103F-16F7-4668-BE54-9A1E7A4F7556}") = "BytexDigital.Blazor.Components.Appear", "BytexDigital.Blazor.Components.Appear\BytexDigital.Blazor.Components.Appear.csproj", "{D256086A-04C9-42A8-9B5D-51986B43969D}"
EndProject
Project("{2150E333-8FDC-42A3-9474-1A3956D46DE8}") = "Projects", "Projects", "{2B9DB8EF-7FFC-4E42-8E0A-953735E5323B}"
EndProject
Project("{2150E333-8FDC-42A3-9474-1A3956D46DE8}") = "Documentation", "Documentation", "{2AF8DE23-90F4-4B02-BEDA-BD53B9EFDD09}"
	ProjectSection(SolutionItems) = preProject
		LICENSE.md = LICENSE.md
		README.md = README.md
	EndProjectSection
EndProject
Global
	GlobalSection(SolutionConfigurationPlatforms) = preSolution
		Debug|Any CPU = Debug|Any CPU
		Release|Any CPU = Release|Any CPU
	EndGlobalSection
	GlobalSection(ProjectConfigurationPlatforms) = postSolution
		{D256086A-04C9-42A8-9B5D-51986B43969D}.Debug|Any CPU.ActiveCfg = Debug|Any CPU
		{D256086A-04C9-42A8-9B5D-51986B43969D}.Debug|Any CPU.Build.0 = Debug|Any CPU
		{D256086A-04C9-42A8-9B5D-51986B43969D}.Release|Any CPU.ActiveCfg = Release|Any CPU
		{D256086A-04C9-42A8-9B5D-51986B43969D}.Release|Any CPU.Build.0 = Release|Any CPU
	EndGlobalSection
	GlobalSection(SolutionProperties) = preSolution
		HideSolutionNode = FALSE
	EndGlobalSection
	GlobalSection(NestedProjects) = preSolution
		{D256086A-04C9-42A8-9B5D-51986B43969D} = {2B9DB8EF-7FFC-4E42-8E0A-953735E5323B}
	EndGlobalSection
	GlobalSection(ExtensibilityGlobals) = postSolution
		SolutionGuid = {3EE316D4-FD14-4D8A-939F-573E81364F6A}
	EndGlobalSection
EndGlobal
